// !$*UTF8*$!
{
	archiveVersion = 1;
	classes = {
	};
	objectVersion = 50;
	objects = {

/* Begin PBXBuildFile section */
		A495C2065975447A2D4EAC25 /* Pods_Handwriting.framework in Frameworks */ = {isa = PBXBuildFile; fileRef = 51FDF69DCAE1C15A3C6CC43A /* Pods_Handwriting.framework */; };
		FEF1B20D207CEAC300708F1A /* AppDelegate.swift in Sources */ = {isa = PBXBuildFile; fileRef = FEF1B20C207CEAC300708F1A /* AppDelegate.swift */; };
		FEF1B20F207CEAC300708F1A /* ViewController.swift in Sources */ = {isa = PBXBuildFile; fileRef = FEF1B20E207CEAC300708F1A /* ViewController.swift */; };
		FEF1B212207CEAC300708F1A /* Main.storyboard in Resources */ = {isa = PBXBuildFile; fileRef = FEF1B210207CEAC300708F1A /* Main.storyboard */; };
		FEF1B215207CEAC300708F1A /* Handwriting.xcdatamodeld in Sources */ = {isa = PBXBuildFile; fileRef = FEF1B213207CEAC300708F1A /* Handwriting.xcdatamodeld */; };
		FEF1B217207CEAC400708F1A /* Assets.xcassets in Resources */ = {isa = PBXBuildFile; fileRef = FEF1B216207CEAC400708F1A /* Assets.xcassets */; };
		FEF1B21A207CEAC400708F1A /* LaunchScreen.storyboard in Resources */ = {isa = PBXBuildFile; fileRef = FEF1B218207CEAC400708F1A /* LaunchScreen.storyboard */; };
		FEF1B224207CFB0B00708F1A /* CategoryCell.swift in Sources */ = {isa = PBXBuildFile; fileRef = FEF1B223207CFB0B00708F1A /* CategoryCell.swift */; };
		FEF1B226207D0B0B00708F1A /* UIColor+Yang.swift in Sources */ = {isa = PBXBuildFile; fileRef = FEF1B225207D0B0B00708F1A /* UIColor+Yang.swift */; };
		FEF1B22A207D250E00708F1A /* GalleryViewController.swift in Sources */ = {isa = PBXBuildFile; fileRef = FEF1B229207D250E00708F1A /* GalleryViewController.swift */; };
		FEF1B22C207D267100708F1A /* HandwritingCell.swift in Sources */ = {isa = PBXBuildFile; fileRef = FEF1B22B207D267100708F1A /* HandwritingCell.swift */; };
		FEF1B22E207D614500708F1A /* HandwritingViewController.swift in Sources */ = {isa = PBXBuildFile; fileRef = FEF1B22D207D614500708F1A /* HandwritingViewController.swift */; };
		FEF1B230207D66DA00708F1A /* AddHandwritingViewController.swift in Sources */ = {isa = PBXBuildFile; fileRef = FEF1B22F207D66DA00708F1A /* AddHandwritingViewController.swift */; };
/* End PBXBuildFile section */

/* Begin PBXFileReference section */
		51FDF69DCAE1C15A3C6CC43A /* Pods_Handwriting.framework */ = {isa = PBXFileReference; explicitFileType = wrapper.framework; includeInIndex = 0; path = Pods_Handwriting.framework; sourceTree = BUILT_PRODUCTS_DIR; };
		6DF6781CC0C0FE83188FEA4F /* Pods-Handwriting.debug.xcconfig */ = {isa = PBXFileReference; includeInIndex = 1; lastKnownFileType = text.xcconfig; name = "Pods-Handwriting.debug.xcconfig"; path = "Pods/Target Support Files/Pods-Handwriting/Pods-Handwriting.debug.xcconfig"; sourceTree = "<group>"; };
		7B335C630A5863FB00378B88 /* Pods-Handwriting.release.xcconfig */ = {isa = PBXFileReference; includeInIndex = 1; lastKnownFileType = text.xcconfig; name = "Pods-Handwriting.release.xcconfig"; path = "Pods/Target Support Files/Pods-Handwriting/Pods-Handwriting.release.xcconfig"; sourceTree = "<group>"; };
		FEF1B209207CEAC300708F1A /* Handwriting.app */ = {isa = PBXFileReference; explicitFileType = wrapper.application; includeInIndex = 0; path = Handwriting.app; sourceTree = BUILT_PRODUCTS_DIR; };
		FEF1B20C207CEAC300708F1A /* AppDelegate.swift */ = {isa = PBXFileReference; lastKnownFileType = sourcecode.swift; path = AppDelegate.swift; sourceTree = "<group>"; };
		FEF1B20E207CEAC300708F1A /* ViewController.swift */ = {isa = PBXFileReference; lastKnownFileType = sourcecode.swift; path = ViewController.swift; sourceTree = "<group>"; };
		FEF1B211207CEAC300708F1A /* Base */ = {isa = PBXFileReference; lastKnownFileType = file.storyboard; name = Base; path = Base.lproj/Main.storyboard; sourceTree = "<group>"; };
		FEF1B214207CEAC300708F1A /* Handwriting.xcdatamodel */ = {isa = PBXFileReference; lastKnownFileType = wrapper.xcdatamodel; path = Handwriting.xcdatamodel; sourceTree = "<group>"; };
		FEF1B216207CEAC400708F1A /* Assets.xcassets */ = {isa = PBXFileReference; lastKnownFileType = folder.assetcatalog; path = Assets.xcassets; sourceTree = "<group>"; };
		FEF1B219207CEAC400708F1A /* Base */ = {isa = PBXFileReference; lastKnownFileType = file.storyboard; name = Base; path = Base.lproj/LaunchScreen.storyboard; sourceTree = "<group>"; };
		FEF1B21B207CEAC400708F1A /* Info.plist */ = {isa = PBXFileReference; lastKnownFileType = text.plist.xml; path = Info.plist; sourceTree = "<group>"; };
		FEF1B223207CFB0B00708F1A /* CategoryCell.swift */ = {isa = PBXFileReference; lastKnownFileType = sourcecode.swift; path = CategoryCell.swift; sourceTree = "<group>"; };
		FEF1B225207D0B0B00708F1A /* UIColor+Yang.swift */ = {isa = PBXFileReference; lastKnownFileType = sourcecode.swift; path = "UIColor+Yang.swift"; sourceTree = "<group>"; };
		FEF1B229207D250E00708F1A /* GalleryViewController.swift */ = {isa = PBXFileReference; lastKnownFileType = sourcecode.swift; path = GalleryViewController.swift; sourceTree = "<group>"; };
		FEF1B22B207D267100708F1A /* HandwritingCell.swift */ = {isa = PBXFileReference; lastKnownFileType = sourcecode.swift; path = HandwritingCell.swift; sourceTree = "<group>"; };
		FEF1B22D207D614500708F1A /* HandwritingViewController.swift */ = {isa = PBXFileReference; lastKnownFileType = sourcecode.swift; path = HandwritingViewController.swift; sourceTree = "<group>"; };
		FEF1B22F207D66DA00708F1A /* AddHandwritingViewController.swift */ = {isa = PBXFileReference; lastKnownFileType = sourcecode.swift; path = AddHandwritingViewController.swift; sourceTree = "<group>"; };
/* End PBXFileReference section */

/* Begin PBXFrameworksBuildPhase section */
		FEF1B206207CEAC300708F1A /* Frameworks */ = {
			isa = PBXFrameworksBuildPhase;
			buildActionMask = 2147483647;
			files = (
				A495C2065975447A2D4EAC25 /* Pods_Handwriting.framework in Frameworks */,
			);
			runOnlyForDeploymentPostprocessing = 0;
		};
/* End PBXFrameworksBuildPhase section */

/* Begin PBXGroup section */
		38329178854F26246A84E11D /* Frameworks */ = {
			isa = PBXGroup;
			children = (
				51FDF69DCAE1C15A3C6CC43A /* Pods_Handwriting.framework */,
			);
			name = Frameworks;
			sourceTree = "<group>";
		};
		3C0AC2D43EEF144CBACDB6DF /* Pods */ = {
			isa = PBXGroup;
			children = (
				6DF6781CC0C0FE83188FEA4F /* Pods-Handwriting.debug.xcconfig */,
				7B335C630A5863FB00378B88 /* Pods-Handwriting.release.xcconfig */,
			);
			name = Pods;
			sourceTree = "<group>";
		};
		FEF1B200207CEAC300708F1A = {
			isa = PBXGroup;
			children = (
				FEF1B20B207CEAC300708F1A /* Handwriting */,
				FEF1B20A207CEAC300708F1A /* Products */,
				3C0AC2D43EEF144CBACDB6DF /* Pods */,
				38329178854F26246A84E11D /* Frameworks */,
			);
			sourceTree = "<group>";
		};
		FEF1B20A207CEAC300708F1A /* Products */ = {
			isa = PBXGroup;
			children = (
				FEF1B209207CEAC300708F1A /* Handwriting.app */,
			);
			name = Products;
			sourceTree = "<group>";
		};
		FEF1B20B207CEAC300708F1A /* Handwriting */ = {
			isa = PBXGroup;
			children = (
				FEF1B20C207CEAC300708F1A /* AppDelegate.swift */,
				FEF1B225207D0B0B00708F1A /* UIColor+Yang.swift */,
				FEF1B20E207CEAC300708F1A /* ViewController.swift */,
				FEF1B223207CFB0B00708F1A /* CategoryCell.swift */,
				FEF1B229207D250E00708F1A /* GalleryViewController.swift */,
				FEF1B22B207D267100708F1A /* HandwritingCell.swift */,
				FEF1B22D207D614500708F1A /* HandwritingViewController.swift */,
				FEF1B22F207D66DA00708F1A /* AddHandwritingViewController.swift */,
				FEF1B210207CEAC300708F1A /* Main.storyboard */,
				FEF1B216207CEAC400708F1A /* Assets.xcassets */,
				FEF1B218207CEAC400708F1A /* LaunchScreen.storyboard */,
				FEF1B21B207CEAC400708F1A /* Info.plist */,
				FEF1B213207CEAC300708F1A /* Handwriting.xcdatamodeld */,
			);
			path = Handwriting;
			sourceTree = "<group>";
		};
/* End PBXGroup section */

/* Begin PBXNativeTarget section */
		FEF1B208207CEAC300708F1A /* Handwriting */ = {
			isa = PBXNativeTarget;
			buildConfigurationList = FEF1B21E207CEAC400708F1A /* Build configuration list for PBXNativeTarget "Handwriting" */;
			buildPhases = (
				68C404263273818B68A97739 /* [CP] Check Pods Manifest.lock */,
				FEF1B205207CEAC300708F1A /* Sources */,
				FEF1B206207CEAC300708F1A /* Frameworks */,
				FEF1B207207CEAC300708F1A /* Resources */,
				A241EFDDD80A00A1C9B17F07 /* [CP] Embed Pods Frameworks */,
			);
			buildRules = (
			);
			dependencies = (
			);
			name = Handwriting;
			productName = Handwriting;
			productReference = FEF1B209207CEAC300708F1A /* Handwriting.app */;
			productType = "com.apple.product-type.application";
		};
/* End PBXNativeTarget section */

/* Begin PBXProject section */
		FEF1B201207CEAC300708F1A /* Project object */ = {
			isa = PBXProject;
			attributes = {
				LastSwiftUpdateCheck = 0930;
				LastUpgradeCheck = 0930;
				ORGANIZATIONNAME = "楊育宗";
				TargetAttributes = {
					FEF1B208207CEAC300708F1A = {
						CreatedOnToolsVersion = 9.3;
					};
				};
			};
			buildConfigurationList = FEF1B204207CEAC300708F1A /* Build configuration list for PBXProject "Handwriting" */;
			compatibilityVersion = "Xcode 9.3";
			developmentRegion = en;
			hasScannedForEncodings = 0;
			knownRegions = (
				en,
				Base,
			);
			mainGroup = FEF1B200207CEAC300708F1A;
			productRefGroup = FEF1B20A207CEAC300708F1A /* Products */;
			projectDirPath = "";
			projectRoot = "";
			targets = (
				FEF1B208207CEAC300708F1A /* Handwriting */,
			);
		};
/* End PBXProject section */

/* Begin PBXResourcesBuildPhase section */
		FEF1B207207CEAC300708F1A /* Resources */ = {
			isa = PBXResourcesBuildPhase;
			buildActionMask = 2147483647;
			files = (
				FEF1B21A207CEAC400708F1A /* LaunchScreen.storyboard in Resources */,
				FEF1B217207CEAC400708F1A /* Assets.xcassets in Resources */,
				FEF1B212207CEAC300708F1A /* Main.storyboard in Resources */,
			);
			runOnlyForDeploymentPostprocessing = 0;
		};
/* End PBXResourcesBuildPhase section */

/* Begin PBXShellScriptBuildPhase section */
		68C404263273818B68A97739 /* [CP] Check Pods Manifest.lock */ = {
			isa = PBXShellScriptBuildPhase;
			buildActionMask = 2147483647;
			files = (
			);
			inputPaths = (
				"${PODS_PODFILE_DIR_PATH}/Podfile.lock",
				"${PODS_ROOT}/Manifest.lock",
			);
			name = "[CP] Check Pods Manifest.lock";
			outputPaths = (
				"$(DERIVED_FILE_DIR)/Pods-Handwriting-checkManifestLockResult.txt",
			);
			runOnlyForDeploymentPostprocessing = 0;
			shellPath = /bin/sh;
			shellScript = "diff \"${PODS_PODFILE_DIR_PATH}/Podfile.lock\" \"${PODS_ROOT}/Manifest.lock\" > /dev/null\nif [ $? != 0 ] ; then\n    # print error to STDERR\n    echo \"error: The sandbox is not in sync with the Podfile.lock. Run 'pod install' or update your CocoaPods installation.\" >&2\n    exit 1\nfi\n# This output is used by Xcode 'outputs' to avoid re-running this script phase.\necho \"SUCCESS\" > \"${SCRIPT_OUTPUT_FILE_0}\"\n";
			showEnvVarsInLog = 0;
		};
		A241EFDDD80A00A1C9B17F07 /* [CP] Embed Pods Frameworks */ = {
			isa = PBXShellScriptBuildPhase;
			buildActionMask = 2147483647;
			files = (
			);
			inputPaths = (
				"${SRCROOT}/Pods/Target Support Files/Pods-Handwriting/Pods-Handwriting-frameworks.sh",
				"${BUILT_PRODUCTS_DIR}/IQKeyboardManagerSwift/IQKeyboardManagerSwift.framework",
			);
			name = "[CP] Embed Pods Frameworks";
			outputPaths = (
				"${TARGET_BUILD_DIR}/${FRAMEWORKS_FOLDER_PATH}/IQKeyboardManagerSwift.framework",
			);
			runOnlyForDeploymentPostprocessing = 0;
			shellPath = /bin/sh;
			shellScript = "\"${SRCROOT}/Pods/Target Support Files/Pods-Handwriting/Pods-Handwriting-frameworks.sh\"\n";
			showEnvVarsInLog = 0;
		};
/* End PBXShellScriptBuildPhase section */

/* Begin PBXSourcesBuildPhase section */
		FEF1B205207CEAC300708F1A /* Sources */ = {
			isa = PBXSourcesBuildPhase;
			buildActionMask = 2147483647;
			files = (
				FEF1B22E207D614500708F1A /* HandwritingViewController.swift in Sources */,
				FEF1B215207CEAC300708F1A /* Handwriting.xcdatamodeld in Sources */,
				FEF1B230207D66DA00708F1A /* AddHandwritingViewController.swift in Sources */,
				FEF1B20F207CEAC300708F1A /* ViewController.swift in Sources */,
				FEF1B20D207CEAC300708F1A /* AppDelegate.swift in Sources */,
				FEF1B22C207D267100708F1A /* HandwritingCell.swift in Sources */,
				FEF1B22A207D250E00708F1A /* GalleryViewController.swift in Sources */,
				FEF1B224207CFB0B00708F1A /* CategoryCell.swift in Sources */,
				FEF1B226207D0B0B00708F1A /* UIColor+Yang.swift in Sources */,
			);
			runOnlyForDeploymentPostprocessing = 0;
		};
/* End PBXSourcesBuildPhase section */

/* Begin PBXVariantGroup section */
		FEF1B210207CEAC300708F1A /* Main.storyboard */ = {
			isa = PBXVariantGroup;
			children = (
				FEF1B211207CEAC300708F1A /* Base */,
			);
			name = Main.storyboard;
			sourceTree = "<group>";
		};
		FEF1B218207CEAC400708F1A /* LaunchScreen.storyboard */ = {
			isa = PBXVariantGroup;
			children = (
				FEF1B219207CEAC400708F1A /* Base */,
			);
			name = LaunchScreen.storyboard;
			sourceTree = "<group>";
		};
/* End PBXVariantGroup section */

/* Begin XCBuildConfiguration section */
		FEF1B21C207CEAC400708F1A /* Debug */ = {
			isa = XCBuildConfiguration;
			buildSettings = {
				ALWAYS_SEARCH_USER_PATHS = NO;
				CLANG_ANALYZER_NONNULL = YES;
				CLANG_ANALYZER_NUMBER_OBJECT_CONVERSION = YES_AGGRESSIVE;
				CLANG_CXX_LANGUAGE_STANDARD = "gnu++14";
				CLANG_CXX_LIBRARY = "libc++";
				CLANG_ENABLE_MODULES = YES;
				CLANG_ENABLE_OBJC_ARC = YES;
				CLANG_ENABLE_OBJC_WEAK = YES;
				CLANG_WARN_BLOCK_CAPTURE_AUTORELEASING = YES;
				CLANG_WARN_BOOL_CONVERSION = YES;
				CLANG_WARN_COMMA = YES;
				CLANG_WARN_CONSTANT_CONVERSION = YES;
				CLANG_WARN_DEPRECATED_OBJC_IMPLEMENTATIONS = YES;
				CLANG_WARN_DIRECT_OBJC_ISA_USAGE = YES_ERROR;
				CLANG_WARN_DOCUMENTATION_COMMENTS = YES;
				CLANG_WARN_EMPTY_BODY = YES;
				CLANG_WARN_ENUM_CONVERSION = YES;
				CLANG_WARN_INFINITE_RECURSION = YES;
				CLANG_WARN_INT_CONVERSION = YES;
				CLANG_WARN_NON_LITERAL_NULL_CONVERSION = YES;
				CLANG_WARN_OBJC_IMPLICIT_RETAIN_SELF = YES;
				CLANG_WARN_OBJC_LITERAL_CONVERSION = YES;
				CLANG_WARN_OBJC_ROOT_CLASS = YES_ERROR;
				CLANG_WARN_RANGE_LOOP_ANALYSIS = YES;
				CLANG_WARN_STRICT_PROTOTYPES = YES;
				CLANG_WARN_SUSPICIOUS_MOVE = YES;
				CLANG_WARN_UNGUARDED_AVAILABILITY = YES_AGGRESSIVE;
				CLANG_WARN_UNREACHABLE_CODE = YES;
				CLANG_WARN__DUPLICATE_METHOD_MATCH = YES;
				CODE_SIGN_IDENTITY = "iPhone Developer";
				COPY_PHASE_STRIP = NO;
				DEBUG_INFORMATION_FORMAT = dwarf;
				ENABLE_STRICT_OBJC_MSGSEND = YES;
				ENABLE_TESTABILITY = YES;
				GCC_C_LANGUAGE_STANDARD = gnu11;
				GCC_DYNAMIC_NO_PIC = NO;
				GCC_NO_COMMON_BLOCKS = YES;
				GCC_OPTIMIZATION_LEVEL = 0;
				GCC_PREPROCESSOR_DEFINITIONS = (
					"DEBUG=1",
					"$(inherited)",
				);
				GCC_WARN_64_TO_32_BIT_CONVERSION = YES;
				GCC_WARN_ABOUT_RETURN_TYPE = YES_ERROR;
				GCC_WARN_UNDECLARED_SELECTOR = YES;
				GCC_WARN_UNINITIALIZED_AUTOS = YES_AGGRESSIVE;
				GCC_WARN_UNUSED_FUNCTION = YES;
				GCC_WARN_UNUSED_VARIABLE = YES;
				IPHONEOS_DEPLOYMENT_TARGET = 11.3;
				MTL_ENABLE_DEBUG_INFO = YES;
				ONLY_ACTIVE_ARCH = YES;
				SDKROOT = iphoneos;
				SWIFT_ACTIVE_COMPILATION_CONDITIONS = DEBUG;
				SWIFT_OPTIMIZATION_LEVEL = "-Onone";
			};
			name = Debug;
		};
		FEF1B21D207CEAC400708F1A /* Release */ = {
			isa = XCBuildConfiguration;
			buildSettings = {
				ALWAYS_SEARCH_USER_PATHS = NO;
				CLANG_ANALYZER_NONNULL = YES;
				CLANG_ANALYZER_NUMBER_OBJECT_CONVERSION = YES_AGGRESSIVE;
				CLANG_CXX_LANGUAGE_STANDARD = "gnu++14";
				CLANG_CXX_LIBRARY = "libc++";
				CLANG_ENABLE_MODULES = YES;
				CLANG_ENABLE_OBJC_ARC = YES;
				CLANG_ENABLE_OBJC_WEAK = YES;
				CLANG_WARN_BLOCK_CAPTURE_AUTORELEASING = YES;
				CLANG_WARN_BOOL_CONVERSION = YES;
				CLANG_WARN_COMMA = YES;
				CLANG_WARN_CONSTANT_CONVERSION = YES;
				CLANG_WARN_DEPRECATED_OBJC_IMPLEMENTATIONS = YES;
				CLANG_WARN_DIRECT_OBJC_ISA_USAGE = YES_ERROR;
				CLANG_WARN_DOCUMENTATION_COMMENTS = YES;
				CLANG_WARN_EMPTY_BODY = YES;
				CLANG_WARN_ENUM_CONVERSION = YES;
				CLANG_WARN_INFINITE_RECURSION = YES;
				CLANG_WARN_INT_CONVERSION = YES;
				CLANG_WARN_NON_LITERAL_NULL_CONVERSION = YES;
				CLANG_WARN_OBJC_IMPLICIT_RETAIN_SELF = YES;
				CLANG_WARN_OBJC_LITERAL_CONVERSION = YES;
				CLANG_WARN_OBJC_ROOT_CLASS = YES_ERROR;
				CLANG_WARN_RANGE_LOOP_ANALYSIS = YES;
				CLANG_WARN_STRICT_PROTOTYPES = YES;
				CLANG_WARN_SUSPICIOUS_MOVE = YES;
				CLANG_WARN_UNGUARDED_AVAILABILITY = YES_AGGRESSIVE;
				CLANG_WARN_UNREACHABLE_CODE = YES;
				CLANG_WARN__DUPLICATE_METHOD_MATCH = YES;
				CODE_SIGN_IDENTITY = "iPhone Developer";
				COPY_PHASE_STRIP = NO;
				DEBUG_INFORMATION_FORMAT = "dwarf-with-dsym";
				ENABLE_NS_ASSERTIONS = NO;
				ENABLE_STRICT_OBJC_MSGSEND = YES;
				GCC_C_LANGUAGE_STANDARD = gnu11;
				GCC_NO_COMMON_BLOCKS = YES;
				GCC_WARN_64_TO_32_BIT_CONVERSION = YES;
				GCC_WARN_ABOUT_RETURN_TYPE = YES_ERROR;
				GCC_WARN_UNDECLARED_SELECTOR = YES;
				GCC_WARN_UNINITIALIZED_AUTOS = YES_AGGRESSIVE;
				GCC_WARN_UNUSED_FUNCTION = YES;
				GCC_WARN_UNUSED_VARIABLE = YES;
				IPHONEOS_DEPLOYMENT_TARGET = 11.3;
				MTL_ENABLE_DEBUG_INFO = NO;
				SDKROOT = iphoneos;
				SWIFT_COMPILATION_MODE = wholemodule;
				SWIFT_OPTIMIZATION_LEVEL = "-O";
				VALIDATE_PRODUCT = YES;
			};
			name = Release;
		};
		FEF1B21F207CEAC400708F1A /* Debug */ = {
			isa = XCBuildConfiguration;
			baseConfigurationReference = 6DF6781CC0C0FE83188FEA4F /* Pods-Handwriting.debug.xcconfig */;
			buildSettings = {
				ASSETCATALOG_COMPILER_APPICON_NAME = AppIcon;
				CODE_SIGN_STYLE = Automatic;
				DEVELOPMENT_TEAM = 2JJ3YTX5MV;
				INFOPLIST_FILE = Handwriting/Info.plist;
				LD_RUNPATH_SEARCH_PATHS = "$(inherited) @executable_path/Frameworks";
				PRODUCT_BUNDLE_IDENTIFIER = yangmie.Handwriting;
				PRODUCT_NAME = "$(TARGET_NAME)";
				SWIFT_VERSION = 4.0;
				TARGETED_DEVICE_FAMILY = "1,2";
			};
			name = Debug;
		};
		FEF1B220207CEAC400708F1A /* Release */ = {
			isa = XCBuildConfiguration;
			baseConfigurationReference = 7B335C630A5863FB00378B88 /* Pods-Handwriting.release.xcconfig */;
			buildSettings = {
				ASSETCATALOG_COMPILER_APPICON_NAME = AppIcon;
				CODE_SIGN_STYLE = Automatic;
				DEVELOPMENT_TEAM = 2JJ3YTX5MV;
				INFOPLIST_FILE = Handwriting/Info.plist;
				LD_RUNPATH_SEARCH_PATHS = "$(inherited) @executable_path/Frameworks";
				PRODUCT_BUNDLE_IDENTIFIER = yangmie.Handwriting;
				PRODUCT_NAME = "$(TARGET_NAME)";
				SWIFT_VERSION = 4.0;
				TARGETED_DEVICE_FAMILY = "1,2";
			};
			name = Release;
		};
/* End XCBuildConfiguration section */

/* Begin XCConfigurationList section */
		FEF1B204207CEAC300708F1A /* Build configuration list for PBXProject "Handwriting" */ = {
			isa = XCConfigurationList;
			buildConfigurations = (
				FEF1B21C207CEAC400708F1A /* Debug */,
				FEF1B21D207CEAC400708F1A /* Release */,
			);
			defaultConfigurationIsVisible = 0;
			defaultConfigurationName = Release;
		};
		FEF1B21E207CEAC400708F1A /* Build configuration list for PBXNativeTarget "Handwriting" */ = {
			isa = XCConfigurationList;
			buildConfigurations = (
				FEF1B21F207CEAC400708F1A /* Debug */,
				FEF1B220207CEAC400708F1A /* Release */,
			);
			defaultConfigurationIsVisible = 0;
			defaultConfigurationName = Release;
		};
/* End XCConfigurationList section */

/* Begin XCVersionGroup section */
		FEF1B213207CEAC300708F1A /* Handwriting.xcdatamodeld */ = {
			isa = XCVersionGroup;
			children = (
				FEF1B214207CEAC300708F1A /* Handwriting.xcdatamodel */,
			);
			currentVersion = FEF1B214207CEAC300708F1A /* Handwriting.xcdatamodel */;
			path = Handwriting.xcdatamodeld;
			sourceTree = "<group>";
			versionGroupType = wrapper.xcdatamodel;
		};
/* End XCVersionGroup section */
	};
	rootObject = FEF1B201207CEAC300708F1A /* Project object */;
}
